// !$*UTF8*$!
{
	archiveVersion = 1;
	classes = {
	};
	objectVersion = 77;
	objects = {

/* Begin PBXBuildFile section */
		01BF9F4B2E81FC5C00EDCF72 /* ShareLinkExtension.appex in Embed Foundation Extensions */ = {isa = PBXBuildFile; fileRef = 01BF9F412E81FC5C00EDCF72 /* ShareLinkExtension.appex */; settings = {ATTRIBUTES = (RemoveHeadersOnCopy, ); }; };
		01BF9F542E82031C00EDCF72 /* AppGroupIdentifier.swift in Sources */ = {isa = PBXBuildFile; fileRef = 01BF9F532E82031B00EDCF72 /* AppGroupIdentifier.swift */; };
/* End PBXBuildFile section */

/* Begin PBXContainerItemProxy section */
		016547892E62440800C46AD8 /* PBXContainerItemProxy */ = {
			isa = PBXContainerItemProxy;
			containerPortal = 0165476C2E62440700C46AD8 /* Project object */;
			proxyType = 1;
			remoteGlobalIDString = 016547732E62440700C46AD8;
			remoteInfo = Clipboard;
		};
		016547932E62440800C46AD8 /* PBXContainerItemProxy */ = {
			isa = PBXContainerItemProxy;
			containerPortal = 0165476C2E62440700C46AD8 /* Project object */;
			proxyType = 1;
			remoteGlobalIDString = 016547732E62440700C46AD8;
			remoteInfo = Clipboard;
		};
		01BF9F492E81FC5C00EDCF72 /* PBXContainerItemProxy */ = {
			isa = PBXContainerItemProxy;
			containerPortal = 0165476C2E62440700C46AD8 /* Project object */;
			proxyType = 1;
			remoteGlobalIDString = 01BF9F402E81FC5C00EDCF72;
			remoteInfo = ShareLinkExtension;
		};
/* End PBXContainerItemProxy section */

/* Begin PBXCopyFilesBuildPhase section */
		01BF9F4C2E81FC5C00EDCF72 /* Embed Foundation Extensions */ = {
			isa = PBXCopyFilesBuildPhase;
			buildActionMask = 2147483647;
			dstPath = "";
			dstSubfolderSpec = 13;
			files = (
				01BF9F4B2E81FC5C00EDCF72 /* ShareLinkExtension.appex in Embed Foundation Extensions */,
			);
			name = "Embed Foundation Extensions";
			runOnlyForDeploymentPostprocessing = 0;
		};
/* End PBXCopyFilesBuildPhase section */

/* Begin PBXFileReference section */
		016547742E62440700C46AD8 /* Clipboard.app */ = {isa = PBXFileReference; explicitFileType = wrapper.application; includeInIndex = 0; path = Clipboard.app; sourceTree = BUILT_PRODUCTS_DIR; };
		016547882E62440800C46AD8 /* ClipboardTests.xctest */ = {isa = PBXFileReference; explicitFileType = wrapper.cfbundle; includeInIndex = 0; path = ClipboardTests.xctest; sourceTree = BUILT_PRODUCTS_DIR; };
		016547922E62440800C46AD8 /* ClipboardUITests.xctest */ = {isa = PBXFileReference; explicitFileType = wrapper.cfbundle; includeInIndex = 0; path = ClipboardUITests.xctest; sourceTree = BUILT_PRODUCTS_DIR; };
		01BF9F412E81FC5C00EDCF72 /* ShareLinkExtension.appex */ = {isa = PBXFileReference; explicitFileType = "wrapper.app-extension"; includeInIndex = 0; path = ShareLinkExtension.appex; sourceTree = BUILT_PRODUCTS_DIR; };
		01BF9F532E82031B00EDCF72 /* AppGroupIdentifier.swift */ = {isa = PBXFileReference; lastKnownFileType = sourcecode.swift; name = AppGroupIdentifier.swift; path = Clipboard.xcodeproj/AppGroupIdentifier.swift; sourceTree = "<group>"; };
/* End PBXFileReference section */

/* Begin PBXFileSystemSynchronizedBuildFileExceptionSet section */
		0165479A2E62440800C46AD8 /* Exceptions for "Clipboard" folder in "Clipboard" target */ = {
			isa = PBXFileSystemSynchronizedBuildFileExceptionSet;
			membershipExceptions = (
				Info.plist,
				ShareLinkExtension/Info.plist,
			);
			target = 016547732E62440700C46AD8 /* Clipboard */;
		};
/* End PBXFileSystemSynchronizedBuildFileExceptionSet section */

/* Begin PBXFileSystemSynchronizedRootGroup section */
		016547762E62440700C46AD8 /* Clipboard */ = {
			isa = PBXFileSystemSynchronizedRootGroup;
			exceptions = (
				0165479A2E62440800C46AD8 /* Exceptions for "Clipboard" folder in "Clipboard" target */,
			);
			path = Clipboard;
			sourceTree = "<group>";
		};
		0165478B2E62440800C46AD8 /* ClipboardTests */ = {
			isa = PBXFileSystemSynchronizedRootGroup;
			path = ClipboardTests;
			sourceTree = "<group>";
		};
		016547952E62440800C46AD8 /* ClipboardUITests */ = {
			isa = PBXFileSystemSynchronizedRootGroup;
			path = ClipboardUITests;
			sourceTree = "<group>";
		};
		01BF9F422E81FC5C00EDCF72 /* ShareLinkExtension */ = {
			isa = PBXFileSystemSynchronizedRootGroup;
			path = ShareLinkExtension;
			sourceTree = "<group>";
		};
/* End PBXFileSystemSynchronizedRootGroup section */

/* Begin PBXFrameworksBuildPhase section */
		016547712E62440700C46AD8 /* Frameworks */ = {
			isa = PBXFrameworksBuildPhase;
			buildActionMask = 2147483647;
			files = (
			);
			runOnlyForDeploymentPostprocessing = 0;
		};
		016547852E62440800C46AD8 /* Frameworks */ = {
			isa = PBXFrameworksBuildPhase;
			buildActionMask = 2147483647;
			files = (
			);
			runOnlyForDeploymentPostprocessing = 0;
		};
		0165478F2E62440800C46AD8 /* Frameworks */ = {
			isa = PBXFrameworksBuildPhase;
			buildActionMask = 2147483647;
			files = (
			);
			runOnlyForDeploymentPostprocessing = 0;
		};
		01BF9F3E2E81FC5C00EDCF72 /* Frameworks */ = {
			isa = PBXFrameworksBuildPhase;
			buildActionMask = 2147483647;
			files = (
			);
			runOnlyForDeploymentPostprocessing = 0;
		};
/* End PBXFrameworksBuildPhase section */

/* Begin PBXGroup section */
		0165476B2E62440700C46AD8 = {
			isa = PBXGroup;
			children = (
				01BF9F532E82031B00EDCF72 /* AppGroupIdentifier.swift */,
				016547762E62440700C46AD8 /* Clipboard */,
				0165478B2E62440800C46AD8 /* ClipboardTests */,
				016547952E62440800C46AD8 /* ClipboardUITests */,
				01BF9F422E81FC5C00EDCF72 /* ShareLinkExtension */,
				016547752E62440700C46AD8 /* Products */,
			);
			sourceTree = "<group>";
		};
		016547752E62440700C46AD8 /* Products */ = {
			isa = PBXGroup;
			children = (
				016547742E62440700C46AD8 /* Clipboard.app */,
				016547882E62440800C46AD8 /* ClipboardTests.xctest */,
				016547922E62440800C46AD8 /* ClipboardUITests.xctest */,
				01BF9F412E81FC5C00EDCF72 /* ShareLinkExtension.appex */,
			);
			name = Products;
			sourceTree = "<group>";
		};
/* End PBXGroup section */

/* Begin PBXNativeTarget section */
		016547732E62440700C46AD8 /* Clipboard */ = {
			isa = PBXNativeTarget;
			buildConfigurationList = 0165479B2E62440800C46AD8 /* Build configuration list for PBXNativeTarget "Clipboard" */;
			buildPhases = (
				016547702E62440700C46AD8 /* Sources */,
				016547712E62440700C46AD8 /* Frameworks */,
				016547722E62440700C46AD8 /* Resources */,
				01BF9F4C2E81FC5C00EDCF72 /* Embed Foundation Extensions */,
			);
			buildRules = (
			);
			dependencies = (
				01BF9F4A2E81FC5C00EDCF72 /* PBXTargetDependency */,
			);
			fileSystemSynchronizedGroups = (
				016547762E62440700C46AD8 /* Clipboard */,
			);
			name = Clipboard;
			packageProductDependencies = (
			);
			productName = Clipboard;
			productReference = 016547742E62440700C46AD8 /* Clipboard.app */;
			productType = "com.apple.product-type.application";
		};
		016547872E62440800C46AD8 /* ClipboardTests */ = {
			isa = PBXNativeTarget;
			buildConfigurationList = 016547A02E62440800C46AD8 /* Build configuration list for PBXNativeTarget "ClipboardTests" */;
			buildPhases = (
				016547842E62440800C46AD8 /* Sources */,
				016547852E62440800C46AD8 /* Frameworks */,
				016547862E62440800C46AD8 /* Resources */,
			);
			buildRules = (
			);
			dependencies = (
				0165478A2E62440800C46AD8 /* PBXTargetDependency */,
			);
			fileSystemSynchronizedGroups = (
				0165478B2E62440800C46AD8 /* ClipboardTests */,
			);
			name = ClipboardTests;
			packageProductDependencies = (
			);
			productName = ClipboardTests;
			productReference = 016547882E62440800C46AD8 /* ClipboardTests.xctest */;
			productType = "com.apple.product-type.bundle.unit-test";
		};
		016547912E62440800C46AD8 /* ClipboardUITests */ = {
			isa = PBXNativeTarget;
			buildConfigurationList = 016547A32E62440800C46AD8 /* Build configuration list for PBXNativeTarget "ClipboardUITests" */;
			buildPhases = (
				0165478E2E62440800C46AD8 /* Sources */,
				0165478F2E62440800C46AD8 /* Frameworks */,
				016547902E62440800C46AD8 /* Resources */,
			);
			buildRules = (
			);
			dependencies = (
				016547942E62440800C46AD8 /* PBXTargetDependency */,
			);
			fileSystemSynchronizedGroups = (
				016547952E62440800C46AD8 /* ClipboardUITests */,
			);
			name = ClipboardUITests;
			packageProductDependencies = (
			);
			productName = ClipboardUITests;
			productReference = 016547922E62440800C46AD8 /* ClipboardUITests.xctest */;
			productType = "com.apple.product-type.bundle.ui-testing";
		};
		01BF9F402E81FC5C00EDCF72 /* ShareLinkExtension */ = {
			isa = PBXNativeTarget;
			buildConfigurationList = 01BF9F4F2E81FC5C00EDCF72 /* Build configuration list for PBXNativeTarget "ShareLinkExtension" */;
			buildPhases = (
				01BF9F3D2E81FC5C00EDCF72 /* Sources */,
				01BF9F3E2E81FC5C00EDCF72 /* Frameworks */,
				01BF9F3F2E81FC5C00EDCF72 /* Resources */,
			);
			buildRules = (
			);
			dependencies = (
			);
			fileSystemSynchronizedGroups = (
				01BF9F422E81FC5C00EDCF72 /* ShareLinkExtension */,
			);
			name = ShareLinkExtension;
			packageProductDependencies = (
			);
			productName = ShareLinkExtension;
			productReference = 01BF9F412E81FC5C00EDCF72 /* ShareLinkExtension.appex */;
			productType = "com.apple.product-type.app-extension";
		};
		BED3EF128D964CFFAA941B78 /* ShareExtension */ = {
			isa = PBXNativeTarget;
			buildConfigurationList = 01BF9F512E81FC5C00EDCF72 /* Build configuration list for PBXNativeTarget "ShareExtension" */;
			buildPhases = (
			);
			buildRules = (
			);
			dependencies = (
			);
			name = ShareExtension;
			productName = ShareExtension;
			productType = "com.apple.product-type.app-extension";
		};
/* End PBXNativeTarget section */

/* Begin PBXProject section */
		0165476C2E62440700C46AD8 /* Project object */ = {
			isa = PBXProject;
			attributes = {
				BuildIndependentTargetsInParallel = 1;
				LastSwiftUpdateCheck = 2600;
				LastUpgradeCheck = 2600;
				TargetAttributes = {
					016547732E62440700C46AD8 = {
						CreatedOnToolsVersion = 16.2;
					};
					016547872E62440800C46AD8 = {
						CreatedOnToolsVersion = 16.2;
						TestTargetID = 016547732E62440700C46AD8;
					};
					016547912E62440800C46AD8 = {
						CreatedOnToolsVersion = 16.2;
						TestTargetID = 016547732E62440700C46AD8;
					};
					01BF9F402E81FC5C00EDCF72 = {
						CreatedOnToolsVersion = 26.0;
					};
				};
			};
			buildConfigurationList = 0165476F2E62440700C46AD8 /* Build configuration list for PBXProject "Clipboard" */;
			developmentRegion = en;
			hasScannedForEncodings = 0;
			knownRegions = (
				en,
				Base,
			);
			mainGroup = 0165476B2E62440700C46AD8;
			minimizedProjectReferenceProxies = 1;
			preferredProjectObjectVersion = 77;
			productRefGroup = 016547752E62440700C46AD8 /* Products */;
			projectDirPath = "";
			projectRoot = "";
			targets = (
				016547732E62440700C46AD8 /* Clipboard */,
				BED3EF128D964CFFAA941B78 /* ShareExtension */,
				016547872E62440800C46AD8 /* ClipboardTests */,
				016547912E62440800C46AD8 /* ClipboardUITests */,
				01BF9F402E81FC5C00EDCF72 /* ShareLinkExtension */,
			);
		};
/* End PBXProject section */

/* Begin PBXResourcesBuildPhase section */
		016547722E62440700C46AD8 /* Resources */ = {
			isa = PBXResourcesBuildPhase;
			buildActionMask = 2147483647;
			files = (
			);
			runOnlyForDeploymentPostprocessing = 0;
		};
		016547862E62440800C46AD8 /* Resources */ = {
			isa = PBXResourcesBuildPhase;
			buildActionMask = 2147483647;
			files = (
			);
			runOnlyForDeploymentPostprocessing = 0;
		};
		016547902E62440800C46AD8 /* Resources */ = {
			isa = PBXResourcesBuildPhase;
			buildActionMask = 2147483647;
			files = (
			);
			runOnlyForDeploymentPostprocessing = 0;
		};
		01BF9F3F2E81FC5C00EDCF72 /* Resources */ = {
			isa = PBXResourcesBuildPhase;
			buildActionMask = 2147483647;
			files = (
			);
			runOnlyForDeploymentPostprocessing = 0;
		};
/* End PBXResourcesBuildPhase section */

/* Begin PBXSourcesBuildPhase section */
		016547702E62440700C46AD8 /* Sources */ = {
			isa = PBXSourcesBuildPhase;
			buildActionMask = 2147483647;
			files = (
			);
			runOnlyForDeploymentPostprocessing = 0;
		};
		016547842E62440800C46AD8 /* Sources */ = {
			isa = PBXSourcesBuildPhase;
			buildActionMask = 2147483647;
			files = (
			);
			runOnlyForDeploymentPostprocessing = 0;
		};
		0165478E2E62440800C46AD8 /* Sources */ = {
			isa = PBXSourcesBuildPhase;
			buildActionMask = 2147483647;
			files = (
			);
			runOnlyForDeploymentPostprocessing = 0;
		};
		01BF9F3D2E81FC5C00EDCF72 /* Sources */ = {
			isa = PBXSourcesBuildPhase;
			buildActionMask = 2147483647;
			files = (
				01BF9F542E82031C00EDCF72 /* AppGroupIdentifier.swift in Sources */,
			);
			runOnlyForDeploymentPostprocessing = 0;
		};
/* End PBXSourcesBuildPhase section */

/* Begin PBXTargetDependency section */
		0165478A2E62440800C46AD8 /* PBXTargetDependency */ = {
			isa = PBXTargetDependency;
			target = 016547732E62440700C46AD8 /* Clipboard */;
			targetProxy = 016547892E62440800C46AD8 /* PBXContainerItemProxy */;
		};
		016547942E62440800C46AD8 /* PBXTargetDependency */ = {
			isa = PBXTargetDependency;
			target = 016547732E62440700C46AD8 /* Clipboard */;
			targetProxy = 016547932E62440800C46AD8 /* PBXContainerItemProxy */;
		};
		01BF9F4A2E81FC5C00EDCF72 /* PBXTargetDependency */ = {
			isa = PBXTargetDependency;
			target = 01BF9F402E81FC5C00EDCF72 /* ShareLinkExtension */;
			targetProxy = 01BF9F492E81FC5C00EDCF72 /* PBXContainerItemProxy */;
		};
/* End PBXTargetDependency section */

/* Begin XCBuildConfiguration section */
		0165479C2E62440800C46AD8 /* Debug */ = {
			isa = XCBuildConfiguration;
			buildSettings = {
				ASSETCATALOG_COMPILER_APPICON_NAME = AppIcon;
				ASSETCATALOG_COMPILER_GLOBAL_ACCENT_COLOR_NAME = AccentColor;
				CODE_SIGN_ENTITLEMENTS = Clipboard/Clipboard.entitlements;
				CODE_SIGN_STYLE = Automatic;
				CURRENT_PROJECT_VERSION = 1;
				DEVELOPMENT_ASSET_PATHS = "\"Clipboard/Preview Content\"";
				ENABLE_APP_SANDBOX = YES;
				ENABLE_PREVIEWS = YES;
				ENABLE_USER_SELECTED_FILES = readonly;
				GENERATE_INFOPLIST_FILE = NO;
				INFOPLIST_FILE = Clipboard/Info.plist;
				INFOPLIST_KEY_CFBundleDisplayName = Spots;
				INFOPLIST_KEY_LSApplicationCategoryType = "public.app-category.utilities";
				INFOPLIST_KEY_UIApplicationSceneManifest_Generation = YES;
				INFOPLIST_KEY_UIApplicationSupportsIndirectInputEvents = YES;
				INFOPLIST_KEY_UILaunchScreen_Generation = YES;
				INFOPLIST_KEY_UISupportedInterfaceOrientations_iPad = "UIInterfaceOrientationPortrait UIInterfaceOrientationPortraitUpsideDown UIInterfaceOrientationLandscapeLeft UIInterfaceOrientationLandscapeRight";
				INFOPLIST_KEY_UISupportedInterfaceOrientations_iPhone = "UIInterfaceOrientationPortrait UIInterfaceOrientationLandscapeLeft UIInterfaceOrientationLandscapeRight";
				LD_RUNPATH_SEARCH_PATHS = (
					"$(inherited)",
					"@executable_path/Frameworks",
				);
				MARKETING_VERSION = 1.0;
				PRODUCT_BUNDLE_IDENTIFIER = com.tamaraosseiran.Clipboard;
				PRODUCT_NAME = "$(TARGET_NAME)";
				SWIFT_EMIT_LOC_STRINGS = YES;
				SWIFT_VERSION = 5.0;
				TARGETED_DEVICE_FAMILY = "1,2";
			};
			name = Debug;
		};
		0165479D2E62440800C46AD8 /* Release */ = {
			isa = XCBuildConfiguration;
			buildSettings = {
				ASSETCATALOG_COMPILER_APPICON_NAME = AppIcon;
				ASSETCATALOG_COMPILER_GLOBAL_ACCENT_COLOR_NAME = AccentColor;
				CODE_SIGN_ENTITLEMENTS = Clipboard/Clipboard.entitlements;
				CODE_SIGN_STYLE = Automatic;
				CURRENT_PROJECT_VERSION = 1;
				DEVELOPMENT_ASSET_PATHS = "\"Clipboard/Preview Content\"";
				ENABLE_APP_SANDBOX = YES;
				ENABLE_PREVIEWS = YES;
				ENABLE_USER_SELECTED_FILES = readonly;
				GENERATE_INFOPLIST_FILE = NO;
				INFOPLIST_FILE = Clipboard/Info.plist;
				INFOPLIST_KEY_CFBundleDisplayName = Spots;
				INFOPLIST_KEY_LSApplicationCategoryType = "public.app-category.utilities";
				INFOPLIST_KEY_UIApplicationSceneManifest_Generation = YES;
				INFOPLIST_KEY_UIApplicationSupportsIndirectInputEvents = YES;
				INFOPLIST_KEY_UILaunchScreen_Generation = YES;
				INFOPLIST_KEY_UISupportedInterfaceOrientations_iPad = "UIInterfaceOrientationPortrait UIInterfaceOrientationPortraitUpsideDown UIInterfaceOrientationLandscapeLeft UIInterfaceOrientationLandscapeRight";
				INFOPLIST_KEY_UISupportedInterfaceOrientations_iPhone = "UIInterfaceOrientationPortrait UIInterfaceOrientationLandscapeLeft UIInterfaceOrientationLandscapeRight";
				LD_RUNPATH_SEARCH_PATHS = (
					"$(inherited)",
					"@executable_path/Frameworks",
				);
				MARKETING_VERSION = 1.0;
				PRODUCT_BUNDLE_IDENTIFIER = com.tamaraosseiran.Clipboard;
				PRODUCT_NAME = "$(TARGET_NAME)";
				SWIFT_EMIT_LOC_STRINGS = YES;
				SWIFT_VERSION = 5.0;
				TARGETED_DEVICE_FAMILY = "1,2";
			};
			name = Release;
		};
		0165479E2E62440800C46AD8 /* Debug */ = {
			isa = XCBuildConfiguration;
			buildSettings = {
				ALWAYS_SEARCH_USER_PATHS = NO;
				ASSETCATALOG_COMPILER_GENERATE_SWIFT_ASSET_SYMBOL_EXTENSIONS = YES;
				CLANG_ANALYZER_NONNULL = YES;
				CLANG_ANALYZER_NUMBER_OBJECT_CONVERSION = YES_AGGRESSIVE;
				CLANG_CXX_LANGUAGE_STANDARD = "gnu++20";
				CLANG_ENABLE_MODULES = YES;
				CLANG_ENABLE_OBJC_ARC = YES;
				CLANG_ENABLE_OBJC_WEAK = YES;
				CLANG_WARN_BLOCK_CAPTURE_AUTORELEASING = YES;
				CLANG_WARN_BOOL_CONVERSION = YES;
				CLANG_WARN_COMMA = YES;
				CLANG_WARN_CONSTANT_CONVERSION = YES;
				CLANG_WARN_DEPRECATED_OBJC_IMPLEMENTATIONS = YES;
				CLANG_WARN_DIRECT_OBJC_ISA_USAGE = YES_ERROR;
				CLANG_WARN_DOCUMENTATION_COMMENTS = YES;
				CLANG_WARN_EMPTY_BODY = YES;
				CLANG_WARN_ENUM_CONVERSION = YES;
				CLANG_WARN_INFINITE_RECURSION = YES;
				CLANG_WARN_INT_CONVERSION = YES;
				CLANG_WARN_NON_LITERAL_NULL_CONVERSION = YES;
				CLANG_WARN_OBJC_IMPLICIT_RETAIN_SELF = YES;
				CLANG_WARN_OBJC_LITERAL_CONVERSION = YES;
				CLANG_WARN_OBJC_ROOT_CLASS = YES_ERROR;
				CLANG_WARN_QUOTED_INCLUDE_IN_FRAMEWORK_HEADER = YES;
				CLANG_WARN_RANGE_LOOP_ANALYSIS = YES;
				CLANG_WARN_STRICT_PROTOTYPES = YES;
				CLANG_WARN_SUSPICIOUS_MOVE = YES;
				CLANG_WARN_UNGUARDED_AVAILABILITY = YES_AGGRESSIVE;
				CLANG_WARN_UNREACHABLE_CODE = YES;
				CLANG_WARN__DUPLICATE_METHOD_MATCH = YES;
				COPY_PHASE_STRIP = NO;
				DEBUG_INFORMATION_FORMAT = dwarf;
				DEVELOPMENT_TEAM = 4J6264AA5S;
				ENABLE_STRICT_OBJC_MSGSEND = YES;
				ENABLE_TESTABILITY = YES;
				ENABLE_USER_SCRIPT_SANDBOXING = YES;
				GCC_C_LANGUAGE_STANDARD = gnu17;
				GCC_DYNAMIC_NO_PIC = NO;
				GCC_NO_COMMON_BLOCKS = YES;
				GCC_OPTIMIZATION_LEVEL = 0;
				GCC_PREPROCESSOR_DEFINITIONS = (
					"DEBUG=1",
					"$(inherited)",
				);
				GCC_WARN_64_TO_32_BIT_CONVERSION = YES;
				GCC_WARN_ABOUT_RETURN_TYPE = YES_ERROR;
				GCC_WARN_UNDECLARED_SELECTOR = YES;
				GCC_WARN_UNINITIALIZED_AUTOS = YES_AGGRESSIVE;
				GCC_WARN_UNUSED_FUNCTION = YES;
				GCC_WARN_UNUSED_VARIABLE = YES;
				GENERATE_INFOPLIST_FILE = YES;
				IPHONEOS_DEPLOYMENT_TARGET = 18.0;
				LOCALIZATION_PREFERS_STRING_CATALOGS = YES;
				MTL_ENABLE_DEBUG_INFO = INCLUDE_SOURCE;
				MTL_FAST_MATH = YES;
				ONLY_ACTIVE_ARCH = YES;
				SDKROOT = iphoneos;
				STRING_CATALOG_GENERATE_SYMBOLS = YES;
				SWIFT_ACTIVE_COMPILATION_CONDITIONS = "DEBUG $(inherited)";
				SWIFT_OPTIMIZATION_LEVEL = "-Onone";
			};
			name = Debug;
		};
		0165479F2E62440800C46AD8 /* Release */ = {
			isa = XCBuildConfiguration;
			buildSettings = {
				ALWAYS_SEARCH_USER_PATHS = NO;
				ASSETCATALOG_COMPILER_GENERATE_SWIFT_ASSET_SYMBOL_EXTENSIONS = YES;
				CLANG_ANALYZER_NONNULL = YES;
				CLANG_ANALYZER_NUMBER_OBJECT_CONVERSION = YES_AGGRESSIVE;
				CLANG_CXX_LANGUAGE_STANDARD = "gnu++20";
				CLANG_ENABLE_MODULES = YES;
				CLANG_ENABLE_OBJC_ARC = YES;
				CLANG_ENABLE_OBJC_WEAK = YES;
				CLANG_WARN_BLOCK_CAPTURE_AUTORELEASING = YES;
				CLANG_WARN_BOOL_CONVERSION = YES;
				CLANG_WARN_COMMA = YES;
				CLANG_WARN_CONSTANT_CONVERSION = YES;
				CLANG_WARN_DEPRECATED_OBJC_IMPLEMENTATIONS = YES;
				CLANG_WARN_DIRECT_OBJC_ISA_USAGE = YES_ERROR;
				CLANG_WARN_DOCUMENTATION_COMMENTS = YES;
				CLANG_WARN_EMPTY_BODY = YES;
				CLANG_WARN_ENUM_CONVERSION = YES;
				CLANG_WARN_INFINITE_RECURSION = YES;
				CLANG_WARN_INT_CONVERSION = YES;
				CLANG_WARN_NON_LITERAL_NULL_CONVERSION = YES;
				CLANG_WARN_OBJC_IMPLICIT_RETAIN_SELF = YES;
				CLANG_WARN_OBJC_LITERAL_CONVERSION = YES;
				CLANG_WARN_OBJC_ROOT_CLASS = YES_ERROR;
				CLANG_WARN_QUOTED_INCLUDE_IN_FRAMEWORK_HEADER = YES;
				CLANG_WARN_RANGE_LOOP_ANALYSIS = YES;
				CLANG_WARN_STRICT_PROTOTYPES = YES;
				CLANG_WARN_SUSPICIOUS_MOVE = YES;
				CLANG_WARN_UNGUARDED_AVAILABILITY = YES_AGGRESSIVE;
				CLANG_WARN_UNREACHABLE_CODE = YES;
				CLANG_WARN__DUPLICATE_METHOD_MATCH = YES;
				COPY_PHASE_STRIP = NO;
				DEBUG_INFORMATION_FORMAT = "dwarf-with-dsym";
				DEVELOPMENT_TEAM = 4J6264AA5S;
				ENABLE_NS_ASSERTIONS = NO;
				ENABLE_STRICT_OBJC_MSGSEND = YES;
				ENABLE_USER_SCRIPT_SANDBOXING = YES;
				GCC_C_LANGUAGE_STANDARD = gnu17;
				GCC_NO_COMMON_BLOCKS = YES;
				GCC_WARN_64_TO_32_BIT_CONVERSION = YES;
				GCC_WARN_ABOUT_RETURN_TYPE = YES_ERROR;
				GCC_WARN_UNDECLARED_SELECTOR = YES;
				GCC_WARN_UNINITIALIZED_AUTOS = YES_AGGRESSIVE;
				GCC_WARN_UNUSED_FUNCTION = YES;
				GCC_WARN_UNUSED_VARIABLE = YES;
				GENERATE_INFOPLIST_FILE = YES;
				IPHONEOS_DEPLOYMENT_TARGET = 18.0;
				LOCALIZATION_PREFERS_STRING_CATALOGS = YES;
				MTL_ENABLE_DEBUG_INFO = NO;
				MTL_FAST_MATH = YES;
				SDKROOT = iphoneos;
				STRING_CATALOG_GENERATE_SYMBOLS = YES;
				SWIFT_COMPILATION_MODE = wholemodule;
				VALIDATE_PRODUCT = YES;
			};
			name = Release;
		};
		016547A12E62440800C46AD8 /* Debug */ = {
			isa = XCBuildConfiguration;
			buildSettings = {
				BUNDLE_LOADER = "$(TEST_HOST)";
				CODE_SIGN_STYLE = Automatic;
				CURRENT_PROJECT_VERSION = 1;
				GENERATE_INFOPLIST_FILE = NO;
				IPHONEOS_DEPLOYMENT_TARGET = 18.0;
				MARKETING_VERSION = 1.0;
				PRODUCT_BUNDLE_IDENTIFIER = com.tamaraosseiran.ClipboardTests;
				PRODUCT_NAME = "$(TARGET_NAME)";
				SWIFT_EMIT_LOC_STRINGS = NO;
				SWIFT_VERSION = 5.0;
				TARGETED_DEVICE_FAMILY = "1,2";
				TEST_HOST = "$(BUILT_PRODUCTS_DIR)/Clipboard.app/$(BUNDLE_EXECUTABLE_FOLDER_PATH)/Clipboard";
			};
			name = Debug;
		};
		016547A22E62440800C46AD8 /* Release */ = {
			isa = XCBuildConfiguration;
			buildSettings = {
				BUNDLE_LOADER = "$(TEST_HOST)";
				CODE_SIGN_STYLE = Automatic;
				CURRENT_PROJECT_VERSION = 1;
				GENERATE_INFOPLIST_FILE = NO;
				IPHONEOS_DEPLOYMENT_TARGET = 18.0;
				MARKETING_VERSION = 1.0;
				PRODUCT_BUNDLE_IDENTIFIER = com.tamaraosseiran.ClipboardTests;
				PRODUCT_NAME = "$(TARGET_NAME)";
				SWIFT_EMIT_LOC_STRINGS = NO;
				SWIFT_VERSION = 5.0;
				TARGETED_DEVICE_FAMILY = "1,2";
				TEST_HOST = "$(BUILT_PRODUCTS_DIR)/Clipboard.app/$(BUNDLE_EXECUTABLE_FOLDER_PATH)/Clipboard";
			};
			name = Release;
		};
		016547A42E62440800C46AD8 /* Debug */ = {
			isa = XCBuildConfiguration;
			buildSettings = {
				CODE_SIGN_STYLE = Automatic;
				CURRENT_PROJECT_VERSION = 1;
				GENERATE_INFOPLIST_FILE = NO;
				MARKETING_VERSION = 1.0;
				PRODUCT_BUNDLE_IDENTIFIER = com.tamaraosseiran.ClipboardUITests;
				PRODUCT_NAME = "$(TARGET_NAME)";
				SWIFT_EMIT_LOC_STRINGS = NO;
				SWIFT_VERSION = 5.0;
				TARGETED_DEVICE_FAMILY = "1,2";
				TEST_TARGET_NAME = Clipboard;
			};
			name = Debug;
		};
		016547A52E62440800C46AD8 /* Release */ = {
			isa = XCBuildConfiguration;
			buildSettings = {
				CODE_SIGN_STYLE = Automatic;
				CURRENT_PROJECT_VERSION = 1;
				GENERATE_INFOPLIST_FILE = NO;
				MARKETING_VERSION = 1.0;
				PRODUCT_BUNDLE_IDENTIFIER = com.tamaraosseiran.ClipboardUITests;
				PRODUCT_NAME = "$(TARGET_NAME)";
				SWIFT_EMIT_LOC_STRINGS = NO;
				SWIFT_VERSION = 5.0;
				TARGETED_DEVICE_FAMILY = "1,2";
				TEST_TARGET_NAME = Clipboard;
			};
			name = Release;
		};
		01BF9F3B2E80C66A00EDCF72 /* Debug */ = {
			isa = XCBuildConfiguration;
			buildSettings = {
				COPY_PHASE_STRIP = NO;
				GCC_DYNAMIC_NO_PIC = NO;
				GCC_OPTIMIZATION_LEVEL = 0;
				PRODUCT_NAME = ShareExtension;
			};
			name = Debug;
		};
		01BF9F3C2E80C66A00EDCF72 /* Release */ = {
			isa = XCBuildConfiguration;
			buildSettings = {
				COPY_PHASE_STRIP = YES;
				DEBUG_INFORMATION_FORMAT = "dwarf-with-dsym";
				PRODUCT_NAME = ShareExtension;
			};
			name = Release;
		};
		01BF9F4D2E81FC5C00EDCF72 /* Debug */ = {
			isa = XCBuildConfiguration;
			buildSettings = {
				CODE_SIGN_ENTITLEMENTS = ShareLinkExtension/ShareLinkExtension.entitlements;
				CODE_SIGN_STYLE = Automatic;
				CURRENT_PROJECT_VERSION = 1;
				GENERATE_INFOPLIST_FILE = NO;
				INFOPLIST_FILE = ShareLinkExtension/Info.plist;
				INFOPLIST_KEY_CFBundleDisplayName = ShareLinkExtension;
				INFOPLIST_KEY_NSHumanReadableCopyright = "";
				IPHONEOS_DEPLOYMENT_TARGET = 26.0;
				LD_RUNPATH_SEARCH_PATHS = (
					"$(inherited)",
					"@executable_path/Frameworks",
					"@executable_path/../../Frameworks",
				);
				MARKETING_VERSION = 1.0;
				PRODUCT_BUNDLE_IDENTIFIER = com.tamaraosseiran.Clipboard.ShareLinkExtension;
				PRODUCT_NAME = "$(TARGET_NAME)";
				SKIP_INSTALL = YES;
				STRING_CATALOG_GENERATE_SYMBOLS = YES;
				SWIFT_APPROACHABLE_CONCURRENCY = YES;
				SWIFT_EMIT_LOC_STRINGS = YES;
				SWIFT_UPCOMING_FEATURE_MEMBER_IMPORT_VISIBILITY = YES;
				SWIFT_VERSION = 5.0;
				TARGETED_DEVICE_FAMILY = "1,2";
			};
			name = Debug;
		};
		01BF9F4E2E81FC5C00EDCF72 /* Release */ = {
			isa = XCBuildConfiguration;
			buildSettings = {
				CODE_SIGN_ENTITLEMENTS = ShareLinkExtension/ShareLinkExtension.entitlements;
				CODE_SIGN_STYLE = Automatic;
				CURRENT_PROJECT_VERSION = 1;
				GENERATE_INFOPLIST_FILE = NO;
				INFOPLIST_FILE = ShareLinkExtension/Info.plist;
				INFOPLIST_KEY_CFBundleDisplayName = ShareLinkExtension;
				INFOPLIST_KEY_NSHumanReadableCopyright = "";
				IPHONEOS_DEPLOYMENT_TARGET = 26.0;
				LD_RUNPATH_SEARCH_PATHS = (
					"$(inherited)",
					"@executable_path/Frameworks",
					"@executable_path/../../Frameworks",
				);
				MARKETING_VERSION = 1.0;
				PRODUCT_BUNDLE_IDENTIFIER = com.tamaraosseiran.Clipboard.ShareLinkExtension;
				PRODUCT_NAME = "$(TARGET_NAME)";
				SKIP_INSTALL = YES;
				STRING_CATALOG_GENERATE_SYMBOLS = YES;
				SWIFT_APPROACHABLE_CONCURRENCY = YES;
				SWIFT_EMIT_LOC_STRINGS = YES;
				SWIFT_UPCOMING_FEATURE_MEMBER_IMPORT_VISIBILITY = YES;
				SWIFT_VERSION = 5.0;
				TARGETED_DEVICE_FAMILY = "1,2";
			};
			name = Release;
		};
/* End XCBuildConfiguration section */

/* Begin XCConfigurationList section */
		0165476F2E62440700C46AD8 /* Build configuration list for PBXProject "Clipboard" */ = {
			isa = XCConfigurationList;
			buildConfigurations = (
				0165479E2E62440800C46AD8 /* Debug */,
				0165479F2E62440800C46AD8 /* Release */,
			);
			defaultConfigurationIsVisible = 0;
			defaultConfigurationName = Release;
		};
		0165479B2E62440800C46AD8 /* Build configuration list for PBXNativeTarget "Clipboard" */ = {
			isa = XCConfigurationList;
			buildConfigurations = (
				0165479C2E62440800C46AD8 /* Debug */,
				0165479D2E62440800C46AD8 /* Release */,
			);
			defaultConfigurationIsVisible = 0;
			defaultConfigurationName = Release;
		};
		016547A02E62440800C46AD8 /* Build configuration list for PBXNativeTarget "ClipboardTests" */ = {
			isa = XCConfigurationList;
			buildConfigurations = (
				016547A12E62440800C46AD8 /* Debug */,
				016547A22E62440800C46AD8 /* Release */,
			);
			defaultConfigurationIsVisible = 0;
			defaultConfigurationName = Release;
		};
		016547A32E62440800C46AD8 /* Build configuration list for PBXNativeTarget "ClipboardUITests" */ = {
			isa = XCConfigurationList;
			buildConfigurations = (
				016547A42E62440800C46AD8 /* Debug */,
				016547A52E62440800C46AD8 /* Release */,
			);
			defaultConfigurationIsVisible = 0;
			defaultConfigurationName = Release;
		};
		01BF9F4F2E81FC5C00EDCF72 /* Build configuration list for PBXNativeTarget "ShareLinkExtension" */ = {
			isa = XCConfigurationList;
			buildConfigurations = (
				01BF9F4D2E81FC5C00EDCF72 /* Debug */,
				01BF9F4E2E81FC5C00EDCF72 /* Release */,
			);
			defaultConfigurationIsVisible = 0;
			defaultConfigurationName = Release;
		};
		01BF9F512E81FC5C00EDCF72 /* Build configuration list for PBXNativeTarget "ShareExtension" */ = {
			isa = XCConfigurationList;
			buildConfigurations = (
				01BF9F3B2E80C66A00EDCF72 /* Debug */,
				01BF9F3C2E80C66A00EDCF72 /* Release */,
			);
			defaultConfigurationIsVisible = 0;
			defaultConfigurationName = Release;
		};
/* End XCConfigurationList section */
	};
	rootObject = 0165476C2E62440700C46AD8 /* Project object */;
}
